github.com/fbundle/lab_public/lab/go_util v0.0.0-20250905183237-d2f97bba2875 h1:lfP7zS30mx7BJevlof73bZABTUJhhJufnCopVSIfljs=
github.com/fbundle/lab_public/lab/go_util v0.0.0-20250905183237-d2f97bba2875/go.mod h1:DFtXwNWST7iB8ulaMSlNwDXizrsadXMBNlX+SibhU+Y=
github.com/fbundle/sorts v0.0.0-20250909204241-1ea09577f27c h1:2sLxrDqlcS/p64fQt7VlxrqsXhkTOZh2adOagQ5OF+o=
github.com/fbundle/sorts v0.0.0-20250909204241-1ea09577f27c/go.mod h1:KgV+rAzfCtnWxliAYvsPMihytckN+H569xVV9A9tINI=
