github.com/fbundle/lab_public/lab/go_util v0.0.0-20250904125457-29e6ace6b836 h1:xI1ggY1t3rZz/6liy5ezmxtHCA+uQNAPv3RpFE/PoxI=
github.com/fbundle/lab_public/lab/go_util v0.0.0-20250904125457-29e6ace6b836/go.mod h1:DFtXwNWST7iB8ulaMSlNwDXizrsadXMBNlX+SibhU+Y=
github.com/fbundle/sorts v0.0.0-20250905061605-a023be34557c h1:g4sO+CbKclUYNUoNXAOzJe+kF3ToKldJvDvJg02ybFU=
github.com/fbundle/sorts v0.0.0-20250905061605-a023be34557c/go.mod h1:kF6K3gFNz/Lw+CqI8QAJHan4XRwS5fCQWo+6tFy1XgI=
